
Microsoft Visual Studio Solution File, Format Version 12.00
# Visual Studio Version 17
VisualStudioVersion = 17.1.32210.238
MinimumVisualStudioVersion = 10.0.40219.1
Project("{FAE04EC0-301F-11D3-BF4B-00C04F79EFBC}") = "inlämning3.-1", "inlämning3.-1\inlämning3.-1.csproj", "{72BF4476-9039-4679-BB7B-7EB13C4EECBD}"
EndProject
Global
	GlobalSection(SolutionConfigurationPlatforms) = preSolution
		Debug|Any CPU = Debug|Any CPU
		Release|Any CPU = Release|Any CPU
	EndGlobalSection
	GlobalSection(ProjectConfigurationPlatforms) = postSolution
		{72BF4476-9039-4679-BB7B-7EB13C4EECBD}.Debug|Any CPU.ActiveCfg = Debug|Any CPU
		{72BF4476-9039-4679-BB7B-7EB13C4EECBD}.Debug|Any CPU.Build.0 = Debug|Any CPU
		{72BF4476-9039-4679-BB7B-7EB13C4EECBD}.Release|Any CPU.ActiveCfg = Release|Any CPU
		{72BF4476-9039-4679-BB7B-7EB13C4EECBD}.Release|Any CPU.Build.0 = Release|Any CPU
	EndGlobalSection
	GlobalSection(SolutionProperties) = preSolution
		HideSolutionNode = FALSE
	EndGlobalSection
	GlobalSection(ExtensibilityGlobals) = postSolution
		SolutionGuid = {32DC5B4D-6279-4C12-A2DE-F9D417ECA639}
	EndGlobalSection
EndGlobal
